{
    "_readme": [
        "This file locks the dependencies of your project to a known state",
        "Read more about it at http://getcomposer.org/doc/01-basic-usage.md#composer-lock-the-lock-file",
        "This file is @generated automatically"
    ],
    "hash": "96d34a5994577742e4f9dfdc12802ed4",
    "packages": [
        {
            "name": "aura/html",
            "version": "2.4.1",
            "source": {
                "type": "git",
                "url": "https://github.com/auraphp/Aura.Html.git",
                "reference": "7f575f35765af41091b85b23a92b168ae0c5765f"
            },
            "dist": {
                "type": "zip",
                "url": "https://api.github.com/repos/auraphp/Aura.Html/zipball/7f575f35765af41091b85b23a92b168ae0c5765f",
                "reference": "7f575f35765af41091b85b23a92b168ae0c5765f",
                "shasum": ""
            },
            "require": {
                "php": ">=5.3.0"
            },
            "require-dev": {
                "aura/di": "~2.0"
            },
            "type": "library",
            "extra": {
                "aura": {
                    "type": "library",
                    "config": {
                        "common": "Aura\\Html\\_Config\\Common"
                    }
                },
                "branch-alias": {
                    "dev-develop-2": "2.1.x-dev"
                }
            },
            "autoload": {
                "psr-4": {
                    "Aura\\Html\\": "src/",
                    "Aura\\Html\\_Config\\": "config/"
                }
            },
            "notification-url": "https://packagist.org/downloads/",
            "license": [
                "BSD-2-Clause"
            ],
            "authors": [
                {
                    "name": "Aura.Html Contributors",
                    "homepage": "https://github.com/auraphp/Aura.Html/contributors"
                }
            ],
            "description": "Provides HTML escapers and helpers, including form input helpers.",
            "homepage": "https://github.com/auraphp/Aura.Html",
            "keywords": [
                "Escape",
                "escaper",
                "escapers",
                "escaping",
                "form",
                "helper",
                "helpers",
                "html",
                "input"
            ],
            "time": "2015-03-27 17:31:31"
        },
        {
            "name": "jnjxp/html.head",
            "version": "dev-master",
            "source": {
                "type": "git",
                "url": "https://github.com/jnjxp/html.head.git",
                "reference": "cc825b056ab63055d644d30902042de8fc63e385"
            },
            "dist": {
                "type": "zip",
                "url": "https://api.github.com/repos/jnjxp/html.head/zipball/cc825b056ab63055d644d30902042de8fc63e385",
                "reference": "cc825b056ab63055d644d30902042de8fc63e385",
                "shasum": ""
            },
            "require": {
                "aura/html": "~2.1",
                "php": ">=5.3.0"
            },
            "type": "library",
            "autoload": {
                "psr-4": {
                    "Jnjxp\\HtmlHead\\": "src/"
                }
            },
            "notification-url": "https://packagist.org/downloads/",
            "license": [
                "AGPL-3.0"
            ],
            "authors": [
                {
                    "name": "jake johns",
                    "email": "jake@jakejohns.net"
                }
            ],
            "description": "helpers for html head meta stuff",
            "time": "2015-04-15 02:50:16"
        }
    ],
    "packages-dev": [],
    "aliases": [],
    "minimum-stability": "stable",
    "stability-flags": {
        "jnjxp/html.head": 20
    },
    "prefer-stable": false,
    "prefer-lowest": false,
    "platform": {
        "php": ">=5.3.0"
    },
    "platform-dev": []
}
